# THIS IS AN AUTOGENERATED FILE. DO NOT EDIT THIS FILE DIRECTLY.
# yarn lockfile v1


commander@^2.20.3:
  version "2.20.3"
  resolved "https://registry.yarnpkg.com/commander/-/commander-2.20.3.tgz#fd485e84c03eb4881c20722ba48035e8531aeb33"
  integrity sha512-GpVkmM8vF2vQUkj2LvZmD35JxeJOLCwJ9cUkugyk2nuhbv3+mJvpLYYt+0+USMxE+oj+ey/lJEnhZw75x/OMcQ==

cssfilter@0.0.10:
  version "0.0.10"
  resolved "https://registry.yarnpkg.com/cssfilter/-/cssfilter-0.0.10.tgz#c6d2672632a2e5c83e013e6864a42ce8defd20ae"
  integrity sha1-xtJnJjKi5cg+AT5oZKQs6N79IK4=

graphql-playground-html@^1.6.29:
  version "1.6.29"
  resolved "https://registry.yarnpkg.com/graphql-playground-html/-/graphql-playground-html-1.6.29.tgz#5b0c60a0161cc0f3116085f64c5a16cb3b2d9a16"
  integrity sha512-fbF/zZKuw2sdfKp8gjTORJ/I9xBsqeEYRseWxBzuR15NHMptRTT9414IyRCs3ognZzUDr5MDJgx97SlLZCtQyA==
  dependencies:
    xss "^1.0.6"

graphql-playground-middleware-lambda@^1.7.23:
  version "1.7.23"
  resolved "https://registry.yarnpkg.com/graphql-playground-middleware-lambda/-/graphql-playground-middleware-lambda-1.7.23.tgz#9e1dc4f3a39f601f4d14d3d53344dc0bdbbf829f"
  integrity sha512-TPcGOqeXCxWGRFHmOfiD7GXVGr1ZB5KMFtEsf4fUsMjnTpavP2GOh6iommdCSgggdx+1iokPtOpjDUaduzCDOQ==
  dependencies:
    graphql-playground-html "^1.6.29"

xss@^1.0.6:
  version "1.0.9"
  resolved "https://registry.yarnpkg.com/xss/-/xss-1.0.9.tgz#3ffd565571ff60d2e40db7f3b80b4677bec770d2"
  integrity sha512-2t7FahYnGJys6DpHLhajusId7R0Pm2yTmuL0GV9+mV0ZlaLSnb2toBmppATfg5sWIhZQGlsTLoecSzya+l4EAQ==
  dependencies:
    commander "^2.20.3"
    cssfilter "0.0.10"
